
Microsoft Visual Studio Solution File, Format Version 11.00
# Visual Studio 2010
Project("{8BC9CEB8-8B4A-11D0-8D11-00A0C91BC942}") = "GrStn", "GrStn\GrStn.vcxproj", "{6CB8AA2F-D82C-4560-B0C6-FD017281CC1A}"
EndProject
Global
	GlobalSection(SolutionConfigurationPlatforms) = preSolution
		Debug|Win32 = Debug|Win32
		Release|Win32 = Release|Win32
	EndGlobalSection
	GlobalSection(ProjectConfigurationPlatforms) = postSolution
		{6CB8AA2F-D82C-4560-B0C6-FD017281CC1A}.Debug|Win32.ActiveCfg = Debug|Win32
		{6CB8AA2F-D82C-4560-B0C6-FD017281CC1A}.Debug|Win32.Build.0 = Debug|Win32
		{6CB8AA2F-D82C-4560-B0C6-FD017281CC1A}.Release|Win32.ActiveCfg = Release|Win32
		{6CB8AA2F-D82C-4560-B0C6-FD017281CC1A}.Release|Win32.Build.0 = Release|Win32
	EndGlobalSection
	GlobalSection(SolutionProperties) = preSolution
		HideSolutionNode = FALSE
	EndGlobalSection
EndGlobal
